
Microsoft Visual Studio Solution File, Format Version 12.00
# Visual Studio Version 16
VisualStudioVersion = 16.0.30517.126
MinimumVisualStudioVersion = 10.0.40219.1
Project("{FAE04EC0-301F-11D3-BF4B-00C04F79EFBC}") = "StudentProfile.Web", "StudentProfile.Web\StudentProfile.Web.csproj", "{882ADDF6-62F1-47BB-8840-C3F0FAD87976}"
EndProject
Project("{FAE04EC0-301F-11D3-BF4B-00C04F79EFBC}") = "StudentProfile.DAL", "StudentProfile.DAL\StudentProfile.DAL.csproj", "{84462735-DF5A-4BE3-89A6-B9B2BAB6762C}"
EndProject
Project("{FAE04EC0-301F-11D3-BF4B-00C04F79EFBC}") = "StudentProfile.Persistence", "StudentProfile.BLL\StudentProfile.Persistence.csproj", "{84AD4DD4-F10B-4F3B-9849-C6E8B377511D}"
EndProject
Project("{FAE04EC0-301F-11D3-BF4B-00C04F79EFBC}") = "StudentProfile.Components", "StudentProfile.Helpers\StudentProfile.Components.csproj", "{57B8D2B6-47AE-479D-AEB3-F4A1E5B7CC3B}"
EndProject
Project("{FAE04EC0-301F-11D3-BF4B-00C04F79EFBC}") = "StudentProfile.Web.Test", "StudentProfile.Web.Test\StudentProfile.Web.Test.csproj", "{1FA3BFBC-DC6E-4271-BC5F-DEBD1416A7C4}"
EndProject
Global
	GlobalSection(SolutionConfigurationPlatforms) = preSolution
		Debug|Any CPU = Debug|Any CPU
		Release|Any CPU = Release|Any CPU
	EndGlobalSection
	GlobalSection(ProjectConfigurationPlatforms) = postSolution
		{882ADDF6-62F1-47BB-8840-C3F0FAD87976}.Debug|Any CPU.ActiveCfg = Debug|Any CPU
		{882ADDF6-62F1-47BB-8840-C3F0FAD87976}.Debug|Any CPU.Build.0 = Debug|Any CPU
		{882ADDF6-62F1-47BB-8840-C3F0FAD87976}.Release|Any CPU.ActiveCfg = Release|Any CPU
		{882ADDF6-62F1-47BB-8840-C3F0FAD87976}.Release|Any CPU.Build.0 = Release|Any CPU
		{84462735-DF5A-4BE3-89A6-B9B2BAB6762C}.Debug|Any CPU.ActiveCfg = Debug|Any CPU
		{84462735-DF5A-4BE3-89A6-B9B2BAB6762C}.Debug|Any CPU.Build.0 = Debug|Any CPU
		{84462735-DF5A-4BE3-89A6-B9B2BAB6762C}.Release|Any CPU.ActiveCfg = Release|Any CPU
		{84462735-DF5A-4BE3-89A6-B9B2BAB6762C}.Release|Any CPU.Build.0 = Release|Any CPU
		{84AD4DD4-F10B-4F3B-9849-C6E8B377511D}.Debug|Any CPU.ActiveCfg = Debug|Any CPU
		{84AD4DD4-F10B-4F3B-9849-C6E8B377511D}.Debug|Any CPU.Build.0 = Debug|Any CPU
		{84AD4DD4-F10B-4F3B-9849-C6E8B377511D}.Release|Any CPU.ActiveCfg = Release|Any CPU
		{84AD4DD4-F10B-4F3B-9849-C6E8B377511D}.Release|Any CPU.Build.0 = Release|Any CPU
		{57B8D2B6-47AE-479D-AEB3-F4A1E5B7CC3B}.Debug|Any CPU.ActiveCfg = Debug|Any CPU
		{57B8D2B6-47AE-479D-AEB3-F4A1E5B7CC3B}.Debug|Any CPU.Build.0 = Debug|Any CPU
		{57B8D2B6-47AE-479D-AEB3-F4A1E5B7CC3B}.Release|Any CPU.ActiveCfg = Release|Any CPU
		{57B8D2B6-47AE-479D-AEB3-F4A1E5B7CC3B}.Release|Any CPU.Build.0 = Release|Any CPU
		{1FA3BFBC-DC6E-4271-BC5F-DEBD1416A7C4}.Debug|Any CPU.ActiveCfg = Debug|Any CPU
		{1FA3BFBC-DC6E-4271-BC5F-DEBD1416A7C4}.Debug|Any CPU.Build.0 = Debug|Any CPU
		{1FA3BFBC-DC6E-4271-BC5F-DEBD1416A7C4}.Release|Any CPU.ActiveCfg = Release|Any CPU
		{1FA3BFBC-DC6E-4271-BC5F-DEBD1416A7C4}.Release|Any CPU.Build.0 = Release|Any CPU
	EndGlobalSection
	GlobalSection(SolutionProperties) = preSolution
		HideSolutionNode = FALSE
	EndGlobalSection
	GlobalSection(ExtensibilityGlobals) = postSolution
		SolutionGuid = {C30C98A0-204E-4E48-A75E-4D63A99C8A05}
	EndGlobalSection
EndGlobal
